
Microsoft Visual Studio Solution File, Format Version 12.00
# Visual Studio Version 16
VisualStudioVersion = 16.0.30114.105
MinimumVisualStudioVersion = 10.0.40219.1
Project("{8BC9CEB8-8B4A-11D0-8D11-00A0C91BC942}") = "kostka", "kostka.vcxproj", "{4C3D55CF-6BB3-47A2-81F2-26D44FAF6388}"
EndProject
Global
	GlobalSection(SolutionConfigurationPlatforms) = preSolution
		Debug|x64 = Debug|x64
		Debug|x86 = Debug|x86
		Release|x64 = Release|x64
		Release|x86 = Release|x86
	EndGlobalSection
	GlobalSection(ProjectConfigurationPlatforms) = postSolution
		{4C3D55CF-6BB3-47A2-81F2-26D44FAF6388}.Debug|x64.ActiveCfg = Debug|x64
		{4C3D55CF-6BB3-47A2-81F2-26D44FAF6388}.Debug|x64.Build.0 = Debug|x64
		{4C3D55CF-6BB3-47A2-81F2-26D44FAF6388}.Debug|x86.ActiveCfg = Debug|Win32
		{4C3D55CF-6BB3-47A2-81F2-26D44FAF6388}.Debug|x86.Build.0 = Debug|Win32
		{4C3D55CF-6BB3-47A2-81F2-26D44FAF6388}.Release|x64.ActiveCfg = Release|x64
		{4C3D55CF-6BB3-47A2-81F2-26D44FAF6388}.Release|x64.Build.0 = Release|x64
		{4C3D55CF-6BB3-47A2-81F2-26D44FAF6388}.Release|x86.ActiveCfg = Release|Win32
		{4C3D55CF-6BB3-47A2-81F2-26D44FAF6388}.Release|x86.Build.0 = Release|Win32
	EndGlobalSection
	GlobalSection(SolutionProperties) = preSolution
		HideSolutionNode = FALSE
	EndGlobalSection
	GlobalSection(ExtensibilityGlobals) = postSolution
		SolutionGuid = {C4AC89A8-0B68-48D3-876E-D8E3560EBE0A}
	EndGlobalSection
EndGlobal
